<?xml version="1.0" encoding="utf-8"?>
<Project ToolsVersion="4.0" xmlns="http://schemas.microsoft.com/developer/msbuild/2003">
  <ItemGroup>
    <Filter Include="Source Files">
      <UniqueIdentifier>{5ac47be7-3b15-486c-a6d2-92f1442ea541}</UniqueIdentifier>
      <Extensions>cpp;c;cxx;rc;def;r;odl;idl;hpj;bat</Extensions>
    </Filter>
    <Filter Include="Header Files">
      <UniqueIdentifier>{9cce035b-a3ca-4cca-8365-e8981f2e5048}</UniqueIdentifier>
      <Extensions>h;hpp;hxx;hm;inl</Extensions>
    </Filter>
    <Filter Include="Resource Files">
      <UniqueIdentifier>{5a4bbfc2-d6c5-4c8e-b2e3-35f0fa354847}</UniqueIdentifier>
      <Extensions>ico;cur;bmp;dlg;rc2;rct;bin;rgs;gif;jpg;jpeg;jpe</Extensions>
    </Filter>
  </ItemGroup>
  <ItemGroup>
    <ClCompile Include="BrowseFile.cpp">
      <Filter>Source Files</Filter>
    </ClCompile>
    <ClCompile Include="BrowseFolder.cpp">
      <Filter>Source Files</Filter>
    </ClCompile>
    <ClCompile Include="Cast128.cpp">
      <Filter>Source Files</Filter>
    </ClCompile>
    <ClCompile Include="CharCode.cpp">
      <Filter>Source Files</Filter>
    </ClCompile>
    <ClCompile Include="DialogFontInfo.cpp">
      <Filter>Source Files</Filter>
    </ClCompile>
    <ClCompile Include="DialogUser.cpp">
      <Filter>Source Files</Filter>
    </ClCompile>
    <ClCompile Include="FileName.cpp">
      <Filter>Source Files</Filter>
    </ClCompile>
    <ClCompile Include="FindFontDlg.cpp">
      <Filter>Source Files</Filter>
    </ClCompile>
    <ClCompile Include="FontList.cpp">
      <Filter>Source Files</Filter>
    </ClCompile>
    <ClCompile Include="LookFont.cpp">
      <Filter>Source Files</Filter>
    </ClCompile>
    <ClCompile Include="LookFontDoc.cpp">
      <Filter>Source Files</Filter>
    </ClCompile>
    <ClCompile Include="LookFontView.cpp">
      <Filter>Source Files</Filter>
    </ClCompile>
    <ClCompile Include="MainFrm.cpp">
      <Filter>Source Files</Filter>
    </ClCompile>
    <ClCompile Include="NumberEdit.cpp">
      <Filter>Source Files</Filter>
    </ClCompile>
    <ClCompile Include="ProKeyDlg.cpp">
      <Filter>Source Files</Filter>
    </ClCompile>
    <ClCompile Include="ProKeyEdit.cpp">
      <Filter>Source Files</Filter>
    </ClCompile>
    <ClCompile Include="Rtf.cpp">
      <Filter>Source Files</Filter>
    </ClCompile>
    <ClCompile Include="SepLine.cpp">
      <Filter>Source Files</Filter>
    </ClCompile>
    <ClCompile Include="SerialKey.cpp">
      <Filter>Source Files</Filter>
    </ClCompile>
    <ClCompile Include="SettingDlg.cpp">
      <Filter>Source Files</Filter>
    </ClCompile>
    <ClCompile Include="SettingUpdateDlg.cpp">
      <Filter>Source Files</Filter>
    </ClCompile>
    <ClCompile Include="StdAfx.cpp">
      <Filter>Source Files</Filter>
    </ClCompile>
    <ClCompile Include="UnlockDlg.cpp">
      <Filter>Source Files</Filter>
    </ClCompile>
  </ItemGroup>
  <ItemGroup>
    <ResourceCompile Include="LookFont.rc">
      <Filter>Source Files</Filter>
    </ResourceCompile>
  </ItemGroup>
  <ItemGroup>
    <ClInclude Include="BrowseFile.h">
      <Filter>Header Files</Filter>
    </ClInclude>
    <ClInclude Include="BrowseFolder.h">
      <Filter>Header Files</Filter>
    </ClInclude>
    <ClInclude Include="Cast128.h">
      <Filter>Header Files</Filter>
    </ClInclude>
    <ClInclude Include="CharCode.h">
      <Filter>Header Files</Filter>
    </ClInclude>
    <ClInclude Include="DialogFontInfo.h">
      <Filter>Header Files</Filter>
    </ClInclude>
    <ClInclude Include="DialogUser.h">
      <Filter>Header Files</Filter>
    </ClInclude>
    <ClInclude Include="FileName.h">
      <Filter>Header Files</Filter>
    </ClInclude>
    <ClInclude Include="FindFontDlg.h">
      <Filter>Header Files</Filter>
    </ClInclude>
    <ClInclude Include="FontList.h">
      <Filter>Header Files</Filter>
    </ClInclude>
    <ClInclude Include="LookFont.h">
      <Filter>Header Files</Filter>
    </ClInclude>
    <ClInclude Include="LookFontDoc.h">
      <Filter>Header Files</Filter>
    </ClInclude>
    <ClInclude Include="LookFontSetting.h">
      <Filter>Header Files</Filter>
    </ClInclude>
    <ClInclude Include="LookFontView.h">
      <Filter>Header Files</Filter>
    </ClInclude>
    <ClInclude Include="MainFrm.h">
      <Filter>Header Files</Filter>
    </ClInclude>
    <ClInclude Include="NumberEdit.h">
      <Filter>Header Files</Filter>
    </ClInclude>
    <ClInclude Include="ProKeyDlg.h">
      <Filter>Header Files</Filter>
    </ClInclude>
    <ClInclude Include="ProKeyEdit.h">
      <Filter>Header Files</Filter>
    </ClInclude>
    <ClInclude Include="Resource.h">
      <Filter>Header Files</Filter>
    </ClInclude>
    <ClInclude Include="Rtf.h">
      <Filter>Header Files</Filter>
    </ClInclude>
    <ClInclude Include="SepLine.h">
      <Filter>Header Files</Filter>
    </ClInclude>
    <ClInclude Include="SerialKey.h">
      <Filter>Header Files</Filter>
    </ClInclude>
    <ClInclude Include="SettingDlg.h">
      <Filter>Header Files</Filter>
    </ClInclude>
    <ClInclude Include="SettingUpdateDlg.h">
      <Filter>Header Files</Filter>
    </ClInclude>
    <ClInclude Include="StdAfx.h">
      <Filter>Header Files</Filter>
    </ClInclude>
    <ClInclude Include="UnlockDlg.h">
      <Filter>Header Files</Filter>
    </ClInclude>
  </ItemGroup>
  <ItemGroup>
    <None Include="res\icon_CAUTION.ico">
      <Filter>Resource Files</Filter>
    </None>
    <None Include="res\icon_licence.ico">
      <Filter>Resource Files</Filter>
    </None>
    <None Include="res\icon_loo.ico">
      <Filter>Resource Files</Filter>
    </None>
    <None Include="res\LookFont.bmp">
      <Filter>Resource Files</Filter>
    </None>
    <None Include="res\LookFont.ico">
      <Filter>Resource Files</Filter>
    </None>
    <None Include="res\LookFont.rc2">
      <Filter>Resource Files</Filter>
    </None>
    <None Include="res\LookFontDoc.ico">
      <Filter>Resource Files</Filter>
    </None>
    <None Include="res\sn_key.bmp">
      <Filter>Resource Files</Filter>
    </None>
    <None Include="res\tbar_preview.bmp">
      <Filter>Resource Files</Filter>
    </None>
    <None Include="res\Toolbar.bmp">
      <Filter>Resource Files</Filter>
    </None>
    <None Include="res\toolbar_fontselect.bmp">
      <Filter>Resource Files</Filter>
    </None>
    <None Include="res\toolbar_TAB.bmp">
      <Filter>Resource Files</Filter>
    </None>
    <None Include="res\unlock02.bmp">
      <Filter>Resource Files</Filter>
    </None>
  </ItemGroup>
</Project>