
Microsoft Visual Studio Solution File, Format Version 12.00
# Visual Studio 15
VisualStudioVersion = 15.0.26430.13
MinimumVisualStudioVersion = 10.0.40219.1
Project("{8BC9CEB8-8B4A-11D0-8D11-00A0C91BC942}") = "LookFont3", "LookFont.vcxproj", "{24A271CC-B547-4101-82F9-A987C138E617}"
EndProject
Project("{8BC9CEB8-8B4A-11D0-8D11-00A0C91BC942}") = "LicBack2", "LicBack\LicBack.vcxproj", "{B54A5976-5575-4EC5-8DEE-5222CE11612E}"
EndProject
Project("{8BC9CEB8-8B4A-11D0-8D11-00A0C91BC942}") = "InitLic", "InitLic\InitLic.vcxproj", "{17442814-BA93-4F9C-A032-B6D2946177FB}"
EndProject
Global
	GlobalSection(SolutionConfigurationPlatforms) = preSolution
		Debug|Win32 = Debug|Win32
		Release|Win32 = Release|Win32
	EndGlobalSection
	GlobalSection(ProjectConfigurationPlatforms) = postSolution
		{24A271CC-B547-4101-82F9-A987C138E617}.Debug|Win32.ActiveCfg = Debug|Win32
		{24A271CC-B547-4101-82F9-A987C138E617}.Debug|Win32.Build.0 = Debug|Win32
		{24A271CC-B547-4101-82F9-A987C138E617}.Release|Win32.ActiveCfg = Release|Win32
		{24A271CC-B547-4101-82F9-A987C138E617}.Release|Win32.Build.0 = Release|Win32
		{B54A5976-5575-4EC5-8DEE-5222CE11612E}.Debug|Win32.ActiveCfg = Debug|Win32
		{B54A5976-5575-4EC5-8DEE-5222CE11612E}.Debug|Win32.Build.0 = Debug|Win32
		{B54A5976-5575-4EC5-8DEE-5222CE11612E}.Release|Win32.ActiveCfg = Release|Win32
		{B54A5976-5575-4EC5-8DEE-5222CE11612E}.Release|Win32.Build.0 = Release|Win32
		{17442814-BA93-4F9C-A032-B6D2946177FB}.Debug|Win32.ActiveCfg = Debug|Win32
		{17442814-BA93-4F9C-A032-B6D2946177FB}.Debug|Win32.Build.0 = Debug|Win32
		{17442814-BA93-4F9C-A032-B6D2946177FB}.Release|Win32.ActiveCfg = Release|Win32
		{17442814-BA93-4F9C-A032-B6D2946177FB}.Release|Win32.Build.0 = Release|Win32
	EndGlobalSection
	GlobalSection(SolutionProperties) = preSolution
		HideSolutionNode = FALSE
	EndGlobalSection
EndGlobal
